{
  "requires": true,
  "lockfileVersion": 1,
  "dependencies": {
    "copy-text-to-clipboard": {
      "version": "3.0.1",
      "resolved": "https://registry.nlark.com/copy-text-to-clipboard/download/copy-text-to-clipboard-3.0.1.tgz",
      "integrity": "sha1-jL+PkOCkfxLkokdDc2Jl0Ve85pw="
    },
    "core-js": {
      "version": "3.15.1",
      "resolved": "https://registry.nlark.com/core-js/download/core-js-3.15.1.tgz?cache=0&sync_timestamp=1624386897006&other_urls=https%3A%2F%2Fregistry.nlark.com%2Fcore-js%2Fdownload%2Fcore-js-3.15.1.tgz",
      "integrity": "sha1-bAiriKvfVlRQRcz1/YH0f0B+fxo="
    },
    "mutation-observer": {
      "version": "1.0.3",
      "resolved": "https://registry.npm.taobao.org/mutation-observer/download/mutation-observer-1.0.3.tgz",
      "integrity": "sha1-QukiKxAbyoLlup1aes9KFMDyY9A="
    },
    "vconsole": {
      "version": "3.8.1",
      "resolved": "https://registry.nlark.com/vconsole/download/vconsole-3.8.1.tgz?cache=0&sync_timestamp=1624527216368&other_urls=https%3A%2F%2Fregistry.nlark.com%2Fvconsole%2Fdownload%2Fvconsole-3.8.1.tgz",
      "integrity": "sha1-ub0oRRJ3sRYV6F47VLaARzaUs6E=",
      "requires": {
        "copy-text-to-clipboard": "^3.0.1",
        "core-js": "^3.11.0",
        "mutation-observer": "^1.0.3"
      }
    }
  }
}
